
Microsoft Visual Studio Solution File, Format Version 12.00
# Visual Studio 15
VisualStudioVersion = 15.0.26124.0
MinimumVisualStudioVersion = 15.0.26124.0

Project("{2150E333-8FDC-42A3-9474-1A3956D46DE8}") = "_project", "_project", "{73C92187-2100-4B36-BBD1-88D07AC71F8C}"
ProjectSection(SolutionItems) = preProject
	build.fsx = build.fsx
	global.json = global.json
	LICENSE = LICENSE
	paket.dependencies = paket.dependencies
	paket.lock = paket.lock
	README.md = README.md
	RELEASE_NOTES.md = RELEASE_NOTES.md
EndProjectSection
EndProject
Project("{F2A71F9B-5D33-465A-A702-920D77279786}") = "Plough.WebApi.Client.Dotnet", "src\Plough.WebApi.Client.Dotnet\Plough.WebApi.Client.Dotnet.fsproj", "{209E3CFE-6019-4878-9C7C-570F2091E41C}"
EndProject
Project("{F2A71F9B-5D33-465A-A702-920D77279786}") = "Plough.WebApi.Client.Fable", "src\Plough.WebApi.Client.Fable\Plough.WebApi.Client.Fable.fsproj", "{71E2A44D-3A86-47DA-BC0A-8DC29693A97A}"
EndProject
Project("{F2A71F9B-5D33-465A-A702-920D77279786}") = "Plough.WebApi.Core", "src\Plough.WebApi.Core\Plough.WebApi.Core.fsproj", "{BA4EFA16-AFBF-4555-A22A-C004DD4BFADE}"
EndProject
Project("{F2A71F9B-5D33-465A-A702-920D77279786}") = "Plough.WebApi.Server.Giraffe", "src\Plough.WebApi.Server.Giraffe\Plough.WebApi.Server.Giraffe.fsproj", "{2ABBEDC7-314C-4B05-BF8C-3ECEAD0E105C}"
EndProject
Project("{F2A71F9B-5D33-465A-A702-920D77279786}") = "Plough.WebApi.Server.Giraffe.Cognito", "src\Plough.WebApi.Server.Giraffe.Cognito\Plough.WebApi.Server.Giraffe.Cognito.fsproj", "{DC7655B8-FBE8-46CD-9618-69832E199F99}"
EndProject

Global
	GlobalSection(SolutionConfigurationPlatforms) = preSolution
		Debug|Any CPU = Debug|Any CPU
		Release|Any CPU = Release|Any CPU
	EndGlobalSection
	GlobalSection(ProjectConfigurationPlatforms) = postSolution
		{209E3CFE-6019-4878-9C7C-570F2091E41C}.Debug|Any CPU.ActiveCfg = Debug|Any CPU
		{209E3CFE-6019-4878-9C7C-570F2091E41C}.Debug|Any CPU.Build.0 = Debug|Any CPU
		{209E3CFE-6019-4878-9C7C-570F2091E41C}.Release|Any CPU.ActiveCfg = Release|Any CPU
		{209E3CFE-6019-4878-9C7C-570F2091E41C}.Release|Any CPU.Build.0 = Release|Any CPU
		{71E2A44D-3A86-47DA-BC0A-8DC29693A97A}.Debug|Any CPU.ActiveCfg = Debug|Any CPU
		{71E2A44D-3A86-47DA-BC0A-8DC29693A97A}.Debug|Any CPU.Build.0 = Debug|Any CPU
		{71E2A44D-3A86-47DA-BC0A-8DC29693A97A}.Release|Any CPU.ActiveCfg = Release|Any CPU
		{71E2A44D-3A86-47DA-BC0A-8DC29693A97A}.Release|Any CPU.Build.0 = Release|Any CPU
		{BA4EFA16-AFBF-4555-A22A-C004DD4BFADE}.Debug|Any CPU.ActiveCfg = Debug|Any CPU
		{BA4EFA16-AFBF-4555-A22A-C004DD4BFADE}.Debug|Any CPU.Build.0 = Debug|Any CPU
		{BA4EFA16-AFBF-4555-A22A-C004DD4BFADE}.Release|Any CPU.ActiveCfg = Release|Any CPU
		{BA4EFA16-AFBF-4555-A22A-C004DD4BFADE}.Release|Any CPU.Build.0 = Release|Any CPU
		{2ABBEDC7-314C-4B05-BF8C-3ECEAD0E105C}.Debug|Any CPU.ActiveCfg = Debug|Any CPU
		{2ABBEDC7-314C-4B05-BF8C-3ECEAD0E105C}.Debug|Any CPU.Build.0 = Debug|Any CPU
		{2ABBEDC7-314C-4B05-BF8C-3ECEAD0E105C}.Release|Any CPU.ActiveCfg = Release|Any CPU
		{2ABBEDC7-314C-4B05-BF8C-3ECEAD0E105C}.Release|Any CPU.Build.0 = Release|Any CPU
		{DC7655B8-FBE8-46CD-9618-69832E199F99}.Debug|Any CPU.ActiveCfg = Debug|Any CPU
		{DC7655B8-FBE8-46CD-9618-69832E199F99}.Debug|Any CPU.Build.0 = Debug|Any CPU
		{DC7655B8-FBE8-46CD-9618-69832E199F99}.Release|Any CPU.ActiveCfg = Release|Any CPU
		{DC7655B8-FBE8-46CD-9618-69832E199F99}.Release|Any CPU.Build.0 = Release|Any CPU
	EndGlobalSection
	GlobalSection(SolutionProperties) = preSolution
		HideSolutionNode = FALSE
	EndGlobalSection
EndGlobal
